// !$*UTF8*$!
{
	archiveVersion = 1;
	classes = {
	};
	objectVersion = 46;
	objects = {

/* Begin PBXBuildFile section */
		AB218F801F616BDA0050F71B /* RecordingViewController.swift in Sources */ = {isa = PBXBuildFile; fileRef = AB218F7F1F616BDA0050F71B /* RecordingViewController.swift */; };
		AB8E56221F57FE4500C50F1E /* AppDelegate.swift in Sources */ = {isa = PBXBuildFile; fileRef = AB8E56211F57FE4500C50F1E /* AppDelegate.swift */; };
		AB8E56271F57FE4500C50F1E /* Main.storyboard in Resources */ = {isa = PBXBuildFile; fileRef = AB8E56251F57FE4500C50F1E /* Main.storyboard */; };
		AB8E56291F57FE4500C50F1E /* Assets.xcassets in Resources */ = {isa = PBXBuildFile; fileRef = AB8E56281F57FE4500C50F1E /* Assets.xcassets */; };
		AB8E562C1F57FE4500C50F1E /* LaunchScreen.storyboard in Resources */ = {isa = PBXBuildFile; fileRef = AB8E562A1F57FE4500C50F1E /* LaunchScreen.storyboard */; };
		AB8E56341F5853A700C50F1E /* PersonCollectionViewCell.swift in Sources */ = {isa = PBXBuildFile; fileRef = AB8E56331F5853A700C50F1E /* PersonCollectionViewCell.swift */; };
		AB8E56361F585D2A00C50F1E /* AudioExcerpt.swift in Sources */ = {isa = PBXBuildFile; fileRef = AB8E56351F585D2A00C50F1E /* AudioExcerpt.swift */; };
		AB8E56381F5985FE00C50F1E /* StartPageViewController.swift in Sources */ = {isa = PBXBuildFile; fileRef = AB8E56371F5985FE00C50F1E /* StartPageViewController.swift */; };
/* End PBXBuildFile section */

/* Begin PBXFileReference section */
		AB218F7F1F616BDA0050F71B /* RecordingViewController.swift */ = {isa = PBXFileReference; fileEncoding = 4; lastKnownFileType = sourcecode.swift; path = RecordingViewController.swift; sourceTree = "<group>"; };
		AB8E561E1F57FE4500C50F1E /* quack.app */ = {isa = PBXFileReference; explicitFileType = wrapper.application; includeInIndex = 0; path = quack.app; sourceTree = BUILT_PRODUCTS_DIR; };
		AB8E56211F57FE4500C50F1E /* AppDelegate.swift */ = {isa = PBXFileReference; lastKnownFileType = sourcecode.swift; path = AppDelegate.swift; sourceTree = "<group>"; };
		AB8E56261F57FE4500C50F1E /* Base */ = {isa = PBXFileReference; lastKnownFileType = file.storyboard; name = Base; path = Base.lproj/Main.storyboard; sourceTree = "<group>"; };
		AB8E56281F57FE4500C50F1E /* Assets.xcassets */ = {isa = PBXFileReference; lastKnownFileType = folder.assetcatalog; path = Assets.xcassets; sourceTree = "<group>"; };
		AB8E562B1F57FE4500C50F1E /* Base */ = {isa = PBXFileReference; lastKnownFileType = file.storyboard; name = Base; path = Base.lproj/LaunchScreen.storyboard; sourceTree = "<group>"; };
		AB8E562D1F57FE4500C50F1E /* Info.plist */ = {isa = PBXFileReference; lastKnownFileType = text.plist.xml; path = Info.plist; sourceTree = "<group>"; };
		AB8E56331F5853A700C50F1E /* PersonCollectionViewCell.swift */ = {isa = PBXFileReference; fileEncoding = 4; lastKnownFileType = sourcecode.swift; path = PersonCollectionViewCell.swift; sourceTree = "<group>"; };
		AB8E56351F585D2A00C50F1E /* AudioExcerpt.swift */ = {isa = PBXFileReference; fileEncoding = 4; lastKnownFileType = sourcecode.swift; path = AudioExcerpt.swift; sourceTree = "<group>"; };
		AB8E56371F5985FE00C50F1E /* StartPageViewController.swift */ = {isa = PBXFileReference; fileEncoding = 4; lastKnownFileType = sourcecode.swift; path = StartPageViewController.swift; sourceTree = "<group>"; };
/* End PBXFileReference section */

/* Begin PBXFrameworksBuildPhase section */
		AB8E561B1F57FE4500C50F1E /* Frameworks */ = {
			isa = PBXFrameworksBuildPhase;
			buildActionMask = 2147483647;
			files = (
			);
			runOnlyForDeploymentPostprocessing = 0;
		};
/* End PBXFrameworksBuildPhase section */

/* Begin PBXGroup section */
		AB218F811F616C0E0050F71B /* ViewControllers */ = {
			isa = PBXGroup;
			children = (
				AB8E56371F5985FE00C50F1E /* StartPageViewController.swift */,
				AB218F7F1F616BDA0050F71B /* RecordingViewController.swift */,
			);
			name = ViewControllers;
			sourceTree = "<group>";
		};
		AB218F821F616C320050F71B /* Other */ = {
			isa = PBXGroup;
			children = (
				AB8E56281F57FE4500C50F1E /* Assets.xcassets */,
				AB8E562D1F57FE4500C50F1E /* Info.plist */,
			);
			name = Other;
			sourceTree = "<group>";
		};
		AB218F831F616C550050F71B /* Storyboards */ = {
			isa = PBXGroup;
			children = (
				AB8E562A1F57FE4500C50F1E /* LaunchScreen.storyboard */,
				AB8E56251F57FE4500C50F1E /* Main.storyboard */,
			);
			name = Storyboards;
			sourceTree = "<group>";
		};
		AB8E56151F57FE4400C50F1E = {
			isa = PBXGroup;
			children = (
				AB8E56201F57FE4500C50F1E /* quack */,
				AB8E561F1F57FE4500C50F1E /* Products */,
			);
			sourceTree = "<group>";
		};
		AB8E561F1F57FE4500C50F1E /* Products */ = {
			isa = PBXGroup;
			children = (
				AB8E561E1F57FE4500C50F1E /* quack.app */,
			);
			name = Products;
			sourceTree = "<group>";
		};
		AB8E56201F57FE4500C50F1E /* quack */ = {
			isa = PBXGroup;
			children = (
				AB8E56211F57FE4500C50F1E /* AppDelegate.swift */,
				AB8E56351F585D2A00C50F1E /* AudioExcerpt.swift */,
				AB8E56331F5853A700C50F1E /* PersonCollectionViewCell.swift */,
				AB218F821F616C320050F71B /* Other */,
				AB218F831F616C550050F71B /* Storyboards */,
				AB218F811F616C0E0050F71B /* ViewControllers */,
			);
			path = quack;
			sourceTree = "<group>";
		};
/* End PBXGroup section */

/* Begin PBXNativeTarget section */
		AB8E561D1F57FE4500C50F1E /* quack */ = {
			isa = PBXNativeTarget;
			buildConfigurationList = AB8E56301F57FE4500C50F1E /* Build configuration list for PBXNativeTarget "quack" */;
			buildPhases = (
				AB8E561A1F57FE4500C50F1E /* Sources */,
				AB8E561B1F57FE4500C50F1E /* Frameworks */,
				AB8E561C1F57FE4500C50F1E /* Resources */,
			);
			buildRules = (
			);
			dependencies = (
			);
			name = quack;
			productName = quack;
			productReference = AB8E561E1F57FE4500C50F1E /* quack.app */;
			productType = "com.apple.product-type.application";
		};
/* End PBXNativeTarget section */

/* Begin PBXProject section */
		AB8E56161F57FE4400C50F1E /* Project object */ = {
			isa = PBXProject;
			attributes = {
				LastSwiftUpdateCheck = 0830;
				LastUpgradeCheck = 0830;
				ORGANIZATIONNAME = "Marco Booth";
				TargetAttributes = {
					AB8E561D1F57FE4500C50F1E = {
						CreatedOnToolsVersion = 8.3.3;
						DevelopmentTeam = 4T3ZCF4H7L;
						ProvisioningStyle = Automatic;
					};
				};
			};
			buildConfigurationList = AB8E56191F57FE4400C50F1E /* Build configuration list for PBXProject "quack" */;
			compatibilityVersion = "Xcode 3.2";
			developmentRegion = English;
			hasScannedForEncodings = 0;
			knownRegions = (
				en,
				Base,
			);
			mainGroup = AB8E56151F57FE4400C50F1E;
			productRefGroup = AB8E561F1F57FE4500C50F1E /* Products */;
			projectDirPath = "";
			projectRoot = "";
			targets = (
				AB8E561D1F57FE4500C50F1E /* quack */,
			);
		};
/* End PBXProject section */

/* Begin PBXResourcesBuildPhase section */
		AB8E561C1F57FE4500C50F1E /* Resources */ = {
			isa = PBXResourcesBuildPhase;
			buildActionMask = 2147483647;
			files = (
				AB8E562C1F57FE4500C50F1E /* LaunchScreen.storyboard in Resources */,
				AB8E56291F57FE4500C50F1E /* Assets.xcassets in Resources */,
				AB8E56271F57FE4500C50F1E /* Main.storyboard in Resources */,
			);
			runOnlyForDeploymentPostprocessing = 0;
		};
/* End PBXResourcesBuildPhase section */

/* Begin PBXSourcesBuildPhase section */
		AB8E561A1F57FE4500C50F1E /* Sources */ = {
			isa = PBXSourcesBuildPhase;
			buildActionMask = 2147483647;
			files = (
				AB8E56381F5985FE00C50F1E /* StartPageViewController.swift in Sources */,
				AB8E56341F5853A700C50F1E /* PersonCollectionViewCell.swift in Sources */,
				AB8E56361F585D2A00C50F1E /* AudioExcerpt.swift in Sources */,
				AB218F801F616BDA0050F71B /* RecordingViewController.swift in Sources */,
				AB8E56221F57FE4500C50F1E /* AppDelegate.swift in Sources */,
			);
			runOnlyForDeploymentPostprocessing = 0;
		};
/* End PBXSourcesBuildPhase section */

/* Begin PBXVariantGroup section */
		AB8E56251F57FE4500C50F1E /* Main.storyboard */ = {
			isa = PBXVariantGroup;
			children = (
				AB8E56261F57FE4500C50F1E /* Base */,
			);
			name = Main.storyboard;
			sourceTree = "<group>";
		};
		AB8E562A1F57FE4500C50F1E /* LaunchScreen.storyboard */ = {
			isa = PBXVariantGroup;
			children = (
				AB8E562B1F57FE4500C50F1E /* Base */,
			);
			name = LaunchScreen.storyboard;
			sourceTree = "<group>";
		};
/* End PBXVariantGroup section */

/* Begin XCBuildConfiguration section */
		AB8E562E1F57FE4500C50F1E /* Debug */ = {
			isa = XCBuildConfiguration;
			buildSettings = {
				ALWAYS_SEARCH_USER_PATHS = NO;
				CLANG_ANALYZER_NONNULL = YES;
				CLANG_ANALYZER_NUMBER_OBJECT_CONVERSION = YES_AGGRESSIVE;
				CLANG_CXX_LANGUAGE_STANDARD = "gnu++0x";
				CLANG_CXX_LIBRARY = "libc++";
				CLANG_ENABLE_MODULES = YES;
				CLANG_ENABLE_OBJC_ARC = YES;
				CLANG_WARN_BOOL_CONVERSION = YES;
				CLANG_WARN_CONSTANT_CONVERSION = YES;
				CLANG_WARN_DIRECT_OBJC_ISA_USAGE = YES_ERROR;
				CLANG_WARN_DOCUMENTATION_COMMENTS = YES;
				CLANG_WARN_EMPTY_BODY = YES;
				CLANG_WARN_ENUM_CONVERSION = YES;
				CLANG_WARN_INFINITE_RECURSION = YES;
				CLANG_WARN_INT_CONVERSION = YES;
				CLANG_WARN_OBJC_ROOT_CLASS = YES_ERROR;
				CLANG_WARN_SUSPICIOUS_MOVE = YES;
				CLANG_WARN_UNREACHABLE_CODE = YES;
				CLANG_WARN__DUPLICATE_METHOD_MATCH = YES;
				"CODE_SIGN_IDENTITY[sdk=iphoneos*]" = "iPhone Developer";
				COPY_PHASE_STRIP = NO;
				DEBUG_INFORMATION_FORMAT = dwarf;
				ENABLE_STRICT_OBJC_MSGSEND = YES;
				ENABLE_TESTABILITY = YES;
				GCC_C_LANGUAGE_STANDARD = gnu99;
				GCC_DYNAMIC_NO_PIC = NO;
				GCC_NO_COMMON_BLOCKS = YES;
				GCC_OPTIMIZATION_LEVEL = 0;
				GCC_PREPROCESSOR_DEFINITIONS = (
					"DEBUG=1",
					"$(inherited)",
				);
				GCC_WARN_64_TO_32_BIT_CONVERSION = YES;
				GCC_WARN_ABOUT_RETURN_TYPE = YES_ERROR;
				GCC_WARN_UNDECLARED_SELECTOR = YES;
				GCC_WARN_UNINITIALIZED_AUTOS = YES_AGGRESSIVE;
				GCC_WARN_UNUSED_FUNCTION = YES;
				GCC_WARN_UNUSED_VARIABLE = YES;
				IPHONEOS_DEPLOYMENT_TARGET = 10.3;
				MTL_ENABLE_DEBUG_INFO = YES;
				ONLY_ACTIVE_ARCH = YES;
				SDKROOT = iphoneos;
				SWIFT_ACTIVE_COMPILATION_CONDITIONS = DEBUG;
				SWIFT_OPTIMIZATION_LEVEL = "-Onone";
				TARGETED_DEVICE_FAMILY = "1,2";
			};
			name = Debug;
		};
		AB8E562F1F57FE4500C50F1E /* Release */ = {
			isa = XCBuildConfiguration;
			buildSettings = {
				ALWAYS_SEARCH_USER_PATHS = NO;
				CLANG_ANALYZER_NONNULL = YES;
				CLANG_ANALYZER_NUMBER_OBJECT_CONVERSION = YES_AGGRESSIVE;
				CLANG_CXX_LANGUAGE_STANDARD = "gnu++0x";
				CLANG_CXX_LIBRARY = "libc++";
				CLANG_ENABLE_MODULES = YES;
				CLANG_ENABLE_OBJC_ARC = YES;
				CLANG_WARN_BOOL_CONVERSION = YES;
				CLANG_WARN_CONSTANT_CONVERSION = YES;
				CLANG_WARN_DIRECT_OBJC_ISA_USAGE = YES_ERROR;
				CLANG_WARN_DOCUMENTATION_COMMENTS = YES;
				CLANG_WARN_EMPTY_BODY = YES;
				CLANG_WARN_ENUM_CONVERSION = YES;
				CLANG_WARN_INFINITE_RECURSION = YES;
				CLANG_WARN_INT_CONVERSION = YES;
				CLANG_WARN_OBJC_ROOT_CLASS = YES_ERROR;
				CLANG_WARN_SUSPICIOUS_MOVE = YES;
				CLANG_WARN_UNREACHABLE_CODE = YES;
				CLANG_WARN__DUPLICATE_METHOD_MATCH = YES;
				"CODE_SIGN_IDENTITY[sdk=iphoneos*]" = "iPhone Developer";
				COPY_PHASE_STRIP = NO;
				DEBUG_INFORMATION_FORMAT = "dwarf-with-dsym";
				ENABLE_NS_ASSERTIONS = NO;
				ENABLE_STRICT_OBJC_MSGSEND = YES;
				GCC_C_LANGUAGE_STANDARD = gnu99;
				GCC_NO_COMMON_BLOCKS = YES;
				GCC_WARN_64_TO_32_BIT_CONVERSION = YES;
				GCC_WARN_ABOUT_RETURN_TYPE = YES_ERROR;
				GCC_WARN_UNDECLARED_SELECTOR = YES;
				GCC_WARN_UNINITIALIZED_AUTOS = YES_AGGRESSIVE;
				GCC_WARN_UNUSED_FUNCTION = YES;
				GCC_WARN_UNUSED_VARIABLE = YES;
				IPHONEOS_DEPLOYMENT_TARGET = 10.3;
				MTL_ENABLE_DEBUG_INFO = NO;
				SDKROOT = iphoneos;
				SWIFT_OPTIMIZATION_LEVEL = "-Owholemodule";
				TARGETED_DEVICE_FAMILY = "1,2";
				VALIDATE_PRODUCT = YES;
			};
			name = Release;
		};
		AB8E56311F57FE4500C50F1E /* Debug */ = {
			isa = XCBuildConfiguration;
			buildSettings = {
				ASSETCATALOG_COMPILER_APPICON_NAME = AppIcon;
				DEVELOPMENT_TEAM = 4T3ZCF4H7L;
				INFOPLIST_FILE = quack/Info.plist;
				LD_RUNPATH_SEARCH_PATHS = "$(inherited) @executable_path/Frameworks";
				PRODUCT_BUNDLE_IDENTIFIER = marcobooth.com.quack;
				PRODUCT_NAME = "$(TARGET_NAME)";
				SWIFT_VERSION = 3.0;
			};
			name = Debug;
		};
		AB8E56321F57FE4500C50F1E /* Release */ = {
			isa = XCBuildConfiguration;
			buildSettings = {
				ASSETCATALOG_COMPILER_APPICON_NAME = AppIcon;
				DEVELOPMENT_TEAM = 4T3ZCF4H7L;
				INFOPLIST_FILE = quack/Info.plist;
				LD_RUNPATH_SEARCH_PATHS = "$(inherited) @executable_path/Frameworks";
				PRODUCT_BUNDLE_IDENTIFIER = marcobooth.com.quack;
				PRODUCT_NAME = "$(TARGET_NAME)";
				SWIFT_VERSION = 3.0;
			};
			name = Release;
		};
/* End XCBuildConfiguration section */

/* Begin XCConfigurationList section */
		AB8E56191F57FE4400C50F1E /* Build configuration list for PBXProject "quack" */ = {
			isa = XCConfigurationList;
			buildConfigurations = (
				AB8E562E1F57FE4500C50F1E /* Debug */,
				AB8E562F1F57FE4500C50F1E /* Release */,
			);
			defaultConfigurationIsVisible = 0;
			defaultConfigurationName = Release;
		};
		AB8E56301F57FE4500C50F1E /* Build configuration list for PBXNativeTarget "quack" */ = {
			isa = XCConfigurationList;
			buildConfigurations = (
				AB8E56311F57FE4500C50F1E /* Debug */,
				AB8E56321F57FE4500C50F1E /* Release */,
			);
			defaultConfigurationIsVisible = 0;
			defaultConfigurationName = Release;
		};
/* End XCConfigurationList section */
	};
	rootObject = AB8E56161F57FE4400C50F1E /* Project object */;
}
