// !$*UTF8*$!
{
	archiveVersion = 1;
	classes = {
	};
	objectVersion = 46;
	objects = {

/* Begin PBXBuildFile section */
		2CF028935058A4A623620066 /* Pods_quack.framework in Frameworks */ = {isa = PBXBuildFile; fileRef = 2315B149C55657B82AE78460 /* Pods_quack.framework */; };
		AB218F801F616BDA0050F71B /* RecordingViewController.swift in Sources */ = {isa = PBXBuildFile; fileRef = AB218F7F1F616BDA0050F71B /* RecordingViewController.swift */; };
		AB218F871F632DFB0050F71B /* ProcessAudioViewController.swift in Sources */ = {isa = PBXBuildFile; fileRef = AB218F861F632DFB0050F71B /* ProcessAudioViewController.swift */; };
		AB218F8C1F656CB50050F71B /* AudioManager.swift in Sources */ = {isa = PBXBuildFile; fileRef = AB218F8B1F656CB50050F71B /* AudioManager.swift */; };
		AB218F901F6586E60050F71B /* AVFoundation.framework in Frameworks */ = {isa = PBXBuildFile; fileRef = AB218F8F1F6586E60050F71B /* AVFoundation.framework */; };
		AB8E56221F57FE4500C50F1E /* AppDelegate.swift in Sources */ = {isa = PBXBuildFile; fileRef = AB8E56211F57FE4500C50F1E /* AppDelegate.swift */; };
		AB8E56271F57FE4500C50F1E /* Main.storyboard in Resources */ = {isa = PBXBuildFile; fileRef = AB8E56251F57FE4500C50F1E /* Main.storyboard */; };
		AB8E56291F57FE4500C50F1E /* Assets.xcassets in Resources */ = {isa = PBXBuildFile; fileRef = AB8E56281F57FE4500C50F1E /* Assets.xcassets */; };
		AB8E562C1F57FE4500C50F1E /* LaunchScreen.storyboard in Resources */ = {isa = PBXBuildFile; fileRef = AB8E562A1F57FE4500C50F1E /* LaunchScreen.storyboard */; };
		AB8E56341F5853A700C50F1E /* PersonCollectionViewCell.swift in Sources */ = {isa = PBXBuildFile; fileRef = AB8E56331F5853A700C50F1E /* PersonCollectionViewCell.swift */; };
		AB8E56361F585D2A00C50F1E /* AudioExcerpt.swift in Sources */ = {isa = PBXBuildFile; fileRef = AB8E56351F585D2A00C50F1E /* AudioExcerpt.swift */; };
		AB8E56381F5985FE00C50F1E /* StartPageViewController.swift in Sources */ = {isa = PBXBuildFile; fileRef = AB8E56371F5985FE00C50F1E /* StartPageViewController.swift */; };
/* End PBXBuildFile section */

/* Begin PBXFileReference section */
		2315B149C55657B82AE78460 /* Pods_quack.framework */ = {isa = PBXFileReference; explicitFileType = wrapper.framework; includeInIndex = 0; path = Pods_quack.framework; sourceTree = BUILT_PRODUCTS_DIR; };
		AB218F7F1F616BDA0050F71B /* RecordingViewController.swift */ = {isa = PBXFileReference; fileEncoding = 4; lastKnownFileType = sourcecode.swift; path = RecordingViewController.swift; sourceTree = "<group>"; };
		AB218F861F632DFB0050F71B /* ProcessAudioViewController.swift */ = {isa = PBXFileReference; fileEncoding = 4; lastKnownFileType = sourcecode.swift; path = ProcessAudioViewController.swift; sourceTree = "<group>"; };
		AB218F8B1F656CB50050F71B /* AudioManager.swift */ = {isa = PBXFileReference; fileEncoding = 4; lastKnownFileType = sourcecode.swift; path = AudioManager.swift; sourceTree = "<group>"; };
		AB218F8F1F6586E60050F71B /* AVFoundation.framework */ = {isa = PBXFileReference; lastKnownFileType = wrapper.framework; name = AVFoundation.framework; path = System/Library/Frameworks/AVFoundation.framework; sourceTree = SDKROOT; };
		AB8E561E1F57FE4500C50F1E /* quack.app */ = {isa = PBXFileReference; explicitFileType = wrapper.application; includeInIndex = 0; path = quack.app; sourceTree = BUILT_PRODUCTS_DIR; };
		AB8E56211F57FE4500C50F1E /* AppDelegate.swift */ = {isa = PBXFileReference; lastKnownFileType = sourcecode.swift; path = AppDelegate.swift; sourceTree = "<group>"; };
		AB8E56261F57FE4500C50F1E /* Base */ = {isa = PBXFileReference; lastKnownFileType = file.storyboard; name = Base; path = Base.lproj/Main.storyboard; sourceTree = "<group>"; };
		AB8E56281F57FE4500C50F1E /* Assets.xcassets */ = {isa = PBXFileReference; lastKnownFileType = folder.assetcatalog; path = Assets.xcassets; sourceTree = "<group>"; };
		AB8E562B1F57FE4500C50F1E /* Base */ = {isa = PBXFileReference; lastKnownFileType = file.storyboard; name = Base; path = Base.lproj/LaunchScreen.storyboard; sourceTree = "<group>"; };
		AB8E562D1F57FE4500C50F1E /* Info.plist */ = {isa = PBXFileReference; lastKnownFileType = text.plist.xml; path = Info.plist; sourceTree = "<group>"; };
		AB8E56331F5853A700C50F1E /* PersonCollectionViewCell.swift */ = {isa = PBXFileReference; fileEncoding = 4; lastKnownFileType = sourcecode.swift; path = PersonCollectionViewCell.swift; sourceTree = "<group>"; };
		AB8E56351F585D2A00C50F1E /* AudioExcerpt.swift */ = {isa = PBXFileReference; fileEncoding = 4; lastKnownFileType = sourcecode.swift; path = AudioExcerpt.swift; sourceTree = "<group>"; };
		AB8E56371F5985FE00C50F1E /* StartPageViewController.swift */ = {isa = PBXFileReference; fileEncoding = 4; lastKnownFileType = sourcecode.swift; path = StartPageViewController.swift; sourceTree = "<group>"; };
		D89ED31CF38E425EA4465BE1 /* Pods-quack.debug.xcconfig */ = {isa = PBXFileReference; includeInIndex = 1; lastKnownFileType = text.xcconfig; name = "Pods-quack.debug.xcconfig"; path = "Pods/Target Support Files/Pods-quack/Pods-quack.debug.xcconfig"; sourceTree = "<group>"; };
		E0D910B374E34005CC4A03A3 /* Pods-quack.release.xcconfig */ = {isa = PBXFileReference; includeInIndex = 1; lastKnownFileType = text.xcconfig; name = "Pods-quack.release.xcconfig"; path = "Pods/Target Support Files/Pods-quack/Pods-quack.release.xcconfig"; sourceTree = "<group>"; };
/* End PBXFileReference section */

/* Begin PBXFrameworksBuildPhase section */
		AB8E561B1F57FE4500C50F1E /* Frameworks */ = {
			isa = PBXFrameworksBuildPhase;
			buildActionMask = 2147483647;
			files = (
				AB218F901F6586E60050F71B /* AVFoundation.framework in Frameworks */,
				2CF028935058A4A623620066 /* Pods_quack.framework in Frameworks */,
			);
			runOnlyForDeploymentPostprocessing = 0;
		};
/* End PBXFrameworksBuildPhase section */

/* Begin PBXGroup section */
		63EE37C03956D471EA6FDCFA /* Pods */ = {
			isa = PBXGroup;
			children = (
				D89ED31CF38E425EA4465BE1 /* Pods-quack.debug.xcconfig */,
				E0D910B374E34005CC4A03A3 /* Pods-quack.release.xcconfig */,
			);
			name = Pods;
			sourceTree = "<group>";
		};
		AB218F811F616C0E0050F71B /* ViewControllers */ = {
			isa = PBXGroup;
			children = (
				AB218F861F632DFB0050F71B /* ProcessAudioViewController.swift */,
				AB218F7F1F616BDA0050F71B /* RecordingViewController.swift */,
				AB8E56371F5985FE00C50F1E /* StartPageViewController.swift */,
			);
			name = ViewControllers;
			sourceTree = "<group>";
		};
		AB218F821F616C320050F71B /* Other */ = {
			isa = PBXGroup;
			children = (
				AB8E56281F57FE4500C50F1E /* Assets.xcassets */,
				AB8E562D1F57FE4500C50F1E /* Info.plist */,
			);
			name = Other;
			sourceTree = "<group>";
		};
		AB218F831F616C550050F71B /* Storyboards */ = {
			isa = PBXGroup;
			children = (
				AB8E562A1F57FE4500C50F1E /* LaunchScreen.storyboard */,
				AB8E56251F57FE4500C50F1E /* Main.storyboard */,
			);
			name = Storyboards;
			sourceTree = "<group>";
		};
		AB218F881F6427AC0050F71B /* Frameworks */ = {
			isa = PBXGroup;
			children = (
				AB218F8F1F6586E60050F71B /* AVFoundation.framework */,
				2315B149C55657B82AE78460 /* Pods_quack.framework */,
			);
			name = Frameworks;
			sourceTree = "<group>";
		};
		AB8E56151F57FE4400C50F1E = {
			isa = PBXGroup;
			children = (
				AB8E56201F57FE4500C50F1E /* quack */,
				AB8E561F1F57FE4500C50F1E /* Products */,
				AB218F881F6427AC0050F71B /* Frameworks */,
				63EE37C03956D471EA6FDCFA /* Pods */,
			);
			sourceTree = "<group>";
		};
		AB8E561F1F57FE4500C50F1E /* Products */ = {
			isa = PBXGroup;
			children = (
				AB8E561E1F57FE4500C50F1E /* quack.app */,
			);
			name = Products;
			sourceTree = "<group>";
		};
		AB8E56201F57FE4500C50F1E /* quack */ = {
			isa = PBXGroup;
			children = (
				AB8E56211F57FE4500C50F1E /* AppDelegate.swift */,
				AB8E56351F585D2A00C50F1E /* AudioExcerpt.swift */,
				AB218F8B1F656CB50050F71B /* AudioManager.swift */,
				AB8E56331F5853A700C50F1E /* PersonCollectionViewCell.swift */,
				AB218F821F616C320050F71B /* Other */,
				AB218F831F616C550050F71B /* Storyboards */,
				AB218F811F616C0E0050F71B /* ViewControllers */,
			);
			path = quack;
			sourceTree = "<group>";
		};
/* End PBXGroup section */

/* Begin PBXNativeTarget section */
		AB8E561D1F57FE4500C50F1E /* quack */ = {
			isa = PBXNativeTarget;
			buildConfigurationList = AB8E56301F57FE4500C50F1E /* Build configuration list for PBXNativeTarget "quack" */;
			buildPhases = (
				F1F09AFD09CE1680F4133C1D /* [CP] Check Pods Manifest.lock */,
				AB8E561A1F57FE4500C50F1E /* Sources */,
				AB8E561B1F57FE4500C50F1E /* Frameworks */,
				AB8E561C1F57FE4500C50F1E /* Resources */,
				1AEDF8C4E92DDE7D9B5535AE /* [CP] Embed Pods Frameworks */,
				92B21583AA9833EB214CA20A /* [CP] Copy Pods Resources */,
			);
			buildRules = (
			);
			dependencies = (
			);
			name = quack;
			productName = quack;
			productReference = AB8E561E1F57FE4500C50F1E /* quack.app */;
			productType = "com.apple.product-type.application";
		};
/* End PBXNativeTarget section */

/* Begin PBXProject section */
		AB8E56161F57FE4400C50F1E /* Project object */ = {
			isa = PBXProject;
			attributes = {
				LastSwiftUpdateCheck = 0830;
				LastUpgradeCheck = 0830;
				ORGANIZATIONNAME = "Marco Booth";
				TargetAttributes = {
					AB8E561D1F57FE4500C50F1E = {
						CreatedOnToolsVersion = 8.3.3;
						DevelopmentTeam = 78F58JA687;
						ProvisioningStyle = Automatic;
						SystemCapabilities = {
							com.apple.BackgroundModes = {
								enabled = 1;
							};
							com.apple.InAppPurchase = {
								enabled = 0;
							};
						};
					};
				};
			};
			buildConfigurationList = AB8E56191F57FE4400C50F1E /* Build configuration list for PBXProject "quack" */;
			compatibilityVersion = "Xcode 3.2";
			developmentRegion = English;
			hasScannedForEncodings = 0;
			knownRegions = (
				en,
				Base,
			);
			mainGroup = AB8E56151F57FE4400C50F1E;
			productRefGroup = AB8E561F1F57FE4500C50F1E /* Products */;
			projectDirPath = "";
			projectRoot = "";
			targets = (
				AB8E561D1F57FE4500C50F1E /* quack */,
			);
		};
/* End PBXProject section */

/* Begin PBXResourcesBuildPhase section */
		AB8E561C1F57FE4500C50F1E /* Resources */ = {
			isa = PBXResourcesBuildPhase;
			buildActionMask = 2147483647;
			files = (
				AB8E562C1F57FE4500C50F1E /* LaunchScreen.storyboard in Resources */,
				AB8E56291F57FE4500C50F1E /* Assets.xcassets in Resources */,
				AB8E56271F57FE4500C50F1E /* Main.storyboard in Resources */,
			);
			runOnlyForDeploymentPostprocessing = 0;
		};
/* End PBXResourcesBuildPhase section */

/* Begin PBXShellScriptBuildPhase section */
		1AEDF8C4E92DDE7D9B5535AE /* [CP] Embed Pods Frameworks */ = {
			isa = PBXShellScriptBuildPhase;
			buildActionMask = 2147483647;
			files = (
			);
			inputPaths = (
				"${SRCROOT}/Pods/Target Support Files/Pods-quack/Pods-quack-frameworks.sh",
				"${BUILT_PRODUCTS_DIR}/Alamofire/Alamofire.framework",
				"${BUILT_PRODUCTS_DIR}/SwiftyJSON/SwiftyJSON.framework",
			);
			name = "[CP] Embed Pods Frameworks";
			outputPaths = (
				"${TARGET_BUILD_DIR}/${FRAMEWORKS_FOLDER_PATH}/Alamofire.framework",
				"${TARGET_BUILD_DIR}/${FRAMEWORKS_FOLDER_PATH}/SwiftyJSON.framework",
			);
			runOnlyForDeploymentPostprocessing = 0;
			shellPath = /bin/sh;
			shellScript = "\"${SRCROOT}/Pods/Target Support Files/Pods-quack/Pods-quack-frameworks.sh\"\n";
			showEnvVarsInLog = 0;
		};
		92B21583AA9833EB214CA20A /* [CP] Copy Pods Resources */ = {
			isa = PBXShellScriptBuildPhase;
			buildActionMask = 2147483647;
			files = (
			);
			inputPaths = (
			);
			name = "[CP] Copy Pods Resources";
			outputPaths = (
			);
			runOnlyForDeploymentPostprocessing = 0;
			shellPath = /bin/sh;
			shellScript = "\"${SRCROOT}/Pods/Target Support Files/Pods-quack/Pods-quack-resources.sh\"\n";
			showEnvVarsInLog = 0;
		};
		F1F09AFD09CE1680F4133C1D /* [CP] Check Pods Manifest.lock */ = {
			isa = PBXShellScriptBuildPhase;
			buildActionMask = 2147483647;
			files = (
			);
			inputPaths = (
				"${PODS_PODFILE_DIR_PATH}/Podfile.lock",
				"${PODS_ROOT}/Manifest.lock",
			);
			name = "[CP] Check Pods Manifest.lock";
			outputPaths = (
				"$(DERIVED_FILE_DIR)/Pods-quack-checkManifestLockResult.txt",
			);
			runOnlyForDeploymentPostprocessing = 0;
			shellPath = /bin/sh;
			shellScript = "diff \"${PODS_PODFILE_DIR_PATH}/Podfile.lock\" \"${PODS_ROOT}/Manifest.lock\" > /dev/null\nif [ $? != 0 ] ; then\n    # print error to STDERR\n    echo \"error: The sandbox is not in sync with the Podfile.lock. Run 'pod install' or update your CocoaPods installation.\" >&2\n    exit 1\nfi\n# This output is used by Xcode 'outputs' to avoid re-running this script phase.\necho \"SUCCESS\" > \"${SCRIPT_OUTPUT_FILE_0}\"\n";
			showEnvVarsInLog = 0;
		};
/* End PBXShellScriptBuildPhase section */

/* Begin PBXSourcesBuildPhase section */
		AB8E561A1F57FE4500C50F1E /* Sources */ = {
			isa = PBXSourcesBuildPhase;
			buildActionMask = 2147483647;
			files = (
				AB8E56381F5985FE00C50F1E /* StartPageViewController.swift in Sources */,
				AB218F8C1F656CB50050F71B /* AudioManager.swift in Sources */,
				AB218F871F632DFB0050F71B /* ProcessAudioViewController.swift in Sources */,
				AB8E56341F5853A700C50F1E /* PersonCollectionViewCell.swift in Sources */,
				AB8E56361F585D2A00C50F1E /* AudioExcerpt.swift in Sources */,
				AB218F801F616BDA0050F71B /* RecordingViewController.swift in Sources */,
				AB8E56221F57FE4500C50F1E /* AppDelegate.swift in Sources */,
			);
			runOnlyForDeploymentPostprocessing = 0;
		};
/* End PBXSourcesBuildPhase section */

/* Begin PBXVariantGroup section */
		AB8E56251F57FE4500C50F1E /* Main.storyboard */ = {
			isa = PBXVariantGroup;
			children = (
				AB8E56261F57FE4500C50F1E /* Base */,
			);
			name = Main.storyboard;
			sourceTree = "<group>";
		};
		AB8E562A1F57FE4500C50F1E /* LaunchScreen.storyboard */ = {
			isa = PBXVariantGroup;
			children = (
				AB8E562B1F57FE4500C50F1E /* Base */,
			);
			name = LaunchScreen.storyboard;
			sourceTree = "<group>";
		};
/* End PBXVariantGroup section */

/* Begin XCBuildConfiguration section */
		AB8E562E1F57FE4500C50F1E /* Debug */ = {
			isa = XCBuildConfiguration;
			buildSettings = {
				ALWAYS_SEARCH_USER_PATHS = NO;
				CLANG_ANALYZER_NONNULL = YES;
				CLANG_ANALYZER_NUMBER_OBJECT_CONVERSION = YES_AGGRESSIVE;
				CLANG_CXX_LANGUAGE_STANDARD = "gnu++0x";
				CLANG_CXX_LIBRARY = "libc++";
				CLANG_ENABLE_MODULES = YES;
				CLANG_ENABLE_OBJC_ARC = YES;
				CLANG_WARN_BOOL_CONVERSION = YES;
				CLANG_WARN_CONSTANT_CONVERSION = YES;
				CLANG_WARN_DIRECT_OBJC_ISA_USAGE = YES_ERROR;
				CLANG_WARN_DOCUMENTATION_COMMENTS = YES;
				CLANG_WARN_EMPTY_BODY = YES;
				CLANG_WARN_ENUM_CONVERSION = YES;
				CLANG_WARN_INFINITE_RECURSION = YES;
				CLANG_WARN_INT_CONVERSION = YES;
				CLANG_WARN_OBJC_ROOT_CLASS = YES_ERROR;
				CLANG_WARN_SUSPICIOUS_MOVE = YES;
				CLANG_WARN_UNREACHABLE_CODE = YES;
				CLANG_WARN__DUPLICATE_METHOD_MATCH = YES;
				"CODE_SIGN_IDENTITY[sdk=iphoneos*]" = "iPhone Developer";
				COPY_PHASE_STRIP = NO;
				DEBUG_INFORMATION_FORMAT = dwarf;
				ENABLE_STRICT_OBJC_MSGSEND = YES;
				ENABLE_TESTABILITY = YES;
				GCC_C_LANGUAGE_STANDARD = gnu99;
				GCC_DYNAMIC_NO_PIC = NO;
				GCC_NO_COMMON_BLOCKS = YES;
				GCC_OPTIMIZATION_LEVEL = 0;
				GCC_PREPROCESSOR_DEFINITIONS = (
					"DEBUG=1",
					"$(inherited)",
				);
				GCC_WARN_64_TO_32_BIT_CONVERSION = YES;
				GCC_WARN_ABOUT_RETURN_TYPE = YES_ERROR;
				GCC_WARN_UNDECLARED_SELECTOR = YES;
				GCC_WARN_UNINITIALIZED_AUTOS = YES_AGGRESSIVE;
				GCC_WARN_UNUSED_FUNCTION = YES;
				GCC_WARN_UNUSED_VARIABLE = YES;
				IPHONEOS_DEPLOYMENT_TARGET = 10.3;
				MTL_ENABLE_DEBUG_INFO = YES;
				ONLY_ACTIVE_ARCH = YES;
				SDKROOT = iphoneos;
				SWIFT_ACTIVE_COMPILATION_CONDITIONS = DEBUG;
				SWIFT_OPTIMIZATION_LEVEL = "-Onone";
				TARGETED_DEVICE_FAMILY = "1,2";
			};
			name = Debug;
		};
		AB8E562F1F57FE4500C50F1E /* Release */ = {
			isa = XCBuildConfiguration;
			buildSettings = {
				ALWAYS_SEARCH_USER_PATHS = NO;
				CLANG_ANALYZER_NONNULL = YES;
				CLANG_ANALYZER_NUMBER_OBJECT_CONVERSION = YES_AGGRESSIVE;
				CLANG_CXX_LANGUAGE_STANDARD = "gnu++0x";
				CLANG_CXX_LIBRARY = "libc++";
				CLANG_ENABLE_MODULES = YES;
				CLANG_ENABLE_OBJC_ARC = YES;
				CLANG_WARN_BOOL_CONVERSION = YES;
				CLANG_WARN_CONSTANT_CONVERSION = YES;
				CLANG_WARN_DIRECT_OBJC_ISA_USAGE = YES_ERROR;
				CLANG_WARN_DOCUMENTATION_COMMENTS = YES;
				CLANG_WARN_EMPTY_BODY = YES;
				CLANG_WARN_ENUM_CONVERSION = YES;
				CLANG_WARN_INFINITE_RECURSION = YES;
				CLANG_WARN_INT_CONVERSION = YES;
				CLANG_WARN_OBJC_ROOT_CLASS = YES_ERROR;
				CLANG_WARN_SUSPICIOUS_MOVE = YES;
				CLANG_WARN_UNREACHABLE_CODE = YES;
				CLANG_WARN__DUPLICATE_METHOD_MATCH = YES;
				"CODE_SIGN_IDENTITY[sdk=iphoneos*]" = "iPhone Developer";
				COPY_PHASE_STRIP = NO;
				DEBUG_INFORMATION_FORMAT = "dwarf-with-dsym";
				ENABLE_NS_ASSERTIONS = NO;
				ENABLE_STRICT_OBJC_MSGSEND = YES;
				GCC_C_LANGUAGE_STANDARD = gnu99;
				GCC_NO_COMMON_BLOCKS = YES;
				GCC_WARN_64_TO_32_BIT_CONVERSION = YES;
				GCC_WARN_ABOUT_RETURN_TYPE = YES_ERROR;
				GCC_WARN_UNDECLARED_SELECTOR = YES;
				GCC_WARN_UNINITIALIZED_AUTOS = YES_AGGRESSIVE;
				GCC_WARN_UNUSED_FUNCTION = YES;
				GCC_WARN_UNUSED_VARIABLE = YES;
				IPHONEOS_DEPLOYMENT_TARGET = 10.3;
				MTL_ENABLE_DEBUG_INFO = NO;
				SDKROOT = iphoneos;
				SWIFT_OPTIMIZATION_LEVEL = "-Owholemodule";
				TARGETED_DEVICE_FAMILY = "1,2";
				VALIDATE_PRODUCT = YES;
			};
			name = Release;
		};
		AB8E56311F57FE4500C50F1E /* Debug */ = {
			isa = XCBuildConfiguration;
			baseConfigurationReference = D89ED31CF38E425EA4465BE1 /* Pods-quack.debug.xcconfig */;
			buildSettings = {
				ASSETCATALOG_COMPILER_APPICON_NAME = AppIcon;
				DEVELOPMENT_TEAM = 78F58JA687;
				INFOPLIST_FILE = quack/Info.plist;
				IPHONEOS_DEPLOYMENT_TARGET = 10.0;
				LD_RUNPATH_SEARCH_PATHS = "$(inherited) @executable_path/Frameworks";
				PRODUCT_BUNDLE_IDENTIFIER = com.marcobooth.quack;
				PRODUCT_NAME = "$(TARGET_NAME)";
				SWIFT_VERSION = 3.0;
			};
			name = Debug;
		};
		AB8E56321F57FE4500C50F1E /* Release */ = {
			isa = XCBuildConfiguration;
			baseConfigurationReference = E0D910B374E34005CC4A03A3 /* Pods-quack.release.xcconfig */;
			buildSettings = {
				ASSETCATALOG_COMPILER_APPICON_NAME = AppIcon;
				DEVELOPMENT_TEAM = 78F58JA687;
				INFOPLIST_FILE = quack/Info.plist;
				IPHONEOS_DEPLOYMENT_TARGET = 10.0;
				LD_RUNPATH_SEARCH_PATHS = "$(inherited) @executable_path/Frameworks";
				PRODUCT_BUNDLE_IDENTIFIER = com.marcobooth.quack;
				PRODUCT_NAME = "$(TARGET_NAME)";
				SWIFT_VERSION = 3.0;
			};
			name = Release;
		};
/* End XCBuildConfiguration section */

/* Begin XCConfigurationList section */
		AB8E56191F57FE4400C50F1E /* Build configuration list for PBXProject "quack" */ = {
			isa = XCConfigurationList;
			buildConfigurations = (
				AB8E562E1F57FE4500C50F1E /* Debug */,
				AB8E562F1F57FE4500C50F1E /* Release */,
			);
			defaultConfigurationIsVisible = 0;
			defaultConfigurationName = Release;
		};
		AB8E56301F57FE4500C50F1E /* Build configuration list for PBXNativeTarget "quack" */ = {
			isa = XCConfigurationList;
			buildConfigurations = (
				AB8E56311F57FE4500C50F1E /* Debug */,
				AB8E56321F57FE4500C50F1E /* Release */,
			);
			defaultConfigurationIsVisible = 0;
			defaultConfigurationName = Release;
		};
/* End XCConfigurationList section */
	};
	rootObject = AB8E56161F57FE4400C50F1E /* Project object */;
}
